# THIS IS AN AUTOGENERATED FILE. DO NOT EDIT THIS FILE DIRECTLY.
# yarn lockfile v1


kwesforms@2.0.3:
  version "2.0.3"
  resolved "https://registry.yarnpkg.com/kwesforms/-/kwesforms-2.0.3.tgz#590fc824b241f03ade6e164a4314da91d12a7bf4"
  integrity sha512-DG7iqgyFFD625lyGS7weEm5UPE/zn4+bhVxqVcPzHhrWh5Eq5X8acW2JvtE7JKCajU5iqZkpQroSIxpxq4gtxA==
